
Microsoft Visual Studio Solution File, Format Version 12.00
# Visual Studio Version 16
VisualStudioVersion = 16.0.33214.272
MinimumVisualStudioVersion = 10.0.40219.1
Project("{FAE04EC0-301F-11D3-BF4B-00C04F79EFBC}") = "MyConsoleApp", "MyConsoleApp\MyConsoleApp.csproj", "{A4C11A1D-096F-4540-8B31-DFF730C98B62}"
EndProject
Global
	GlobalSection(SolutionConfigurationPlatforms) = preSolution
		Debug|Any CPU = Debug|Any CPU
		Release|Any CPU = Release|Any CPU
	EndGlobalSection
	GlobalSection(ProjectConfigurationPlatforms) = postSolution
		{A4C11A1D-096F-4540-8B31-DFF730C98B62}.Debug|Any CPU.ActiveCfg = Debug|Any CPU
		{A4C11A1D-096F-4540-8B31-DFF730C98B62}.Debug|Any CPU.Build.0 = Debug|Any CPU
		{A4C11A1D-096F-4540-8B31-DFF730C98B62}.Release|Any CPU.ActiveCfg = Release|Any CPU
		{A4C11A1D-096F-4540-8B31-DFF730C98B62}.Release|Any CPU.Build.0 = Release|Any CPU
	EndGlobalSection
	GlobalSection(SolutionProperties) = preSolution
		HideSolutionNode = FALSE
	EndGlobalSection
	GlobalSection(ExtensibilityGlobals) = postSolution
		SolutionGuid = {8CEDCB57-0FE9-4866-80C1-720C5973ACF7}
	EndGlobalSection
EndGlobal
